
Microsoft Visual Studio Solution File, Format Version 12.00
# Visual Studio Version 17
VisualStudioVersion = 17.0.31912.275
MinimumVisualStudioVersion = 10.0.40219.1
Project("{FAE04EC0-301F-11D3-BF4B-00C04F79EFBC}") = "GuessTheNumber", "GuessTheNumber\GuessTheNumber.csproj", "{B858526E-8D7C-477F-A767-EB37BFE8C8C4}"
EndProject
Global
	GlobalSection(SolutionConfigurationPlatforms) = preSolution
		Debug|Any CPU = Debug|Any CPU
		Release|Any CPU = Release|Any CPU
	EndGlobalSection
	GlobalSection(ProjectConfigurationPlatforms) = postSolution
		{B858526E-8D7C-477F-A767-EB37BFE8C8C4}.Debug|Any CPU.ActiveCfg = Debug|Any CPU
		{B858526E-8D7C-477F-A767-EB37BFE8C8C4}.Debug|Any CPU.Build.0 = Debug|Any CPU
		{B858526E-8D7C-477F-A767-EB37BFE8C8C4}.Release|Any CPU.ActiveCfg = Release|Any CPU
		{B858526E-8D7C-477F-A767-EB37BFE8C8C4}.Release|Any CPU.Build.0 = Release|Any CPU
	EndGlobalSection
	GlobalSection(SolutionProperties) = preSolution
		HideSolutionNode = FALSE
	EndGlobalSection
	GlobalSection(ExtensibilityGlobals) = postSolution
		SolutionGuid = {DBA6B611-5679-42F8-B2D9-224B7F3F5595}
	EndGlobalSection
EndGlobal
